
Microsoft Visual Studio Solution File, Format Version 12.00
# Visual Studio Version 16
VisualStudioVersion = 16.0.31727.386
MinimumVisualStudioVersion = 10.0.40219.1
Project("{9A19103F-16F7-4668-BE54-9A1E7A4F7556}") = "Targil0", "Targil0\Targil0.csproj", "{A46FE8F0-D791-4731-8621-86A86EE03D9E}"
EndProject
Project("{2150E333-8FDC-42A3-9474-1A3956D46DE8}") = "Solution Items", "Solution Items", "{4E931E39-E3DA-4ECB-A4FE-E7F5FA836A0E}"
	ProjectSection(SolutionItems) = preProject
		..\README.md = ..\README.md
	EndProjectSection
EndProject
Project("{9A19103F-16F7-4668-BE54-9A1E7A4F7556}") = "ConsoleUI", "ConsoleUI\ConsoleUI.csproj", "{EEA41B10-50F0-4D76-BD82-2D0918A36541}"
EndProject
Project("{9A19103F-16F7-4668-BE54-9A1E7A4F7556}") = "DAL", "DAL\DAL.csproj", "{21DC4DCC-D574-4900-B7B4-42DC732161B8}"
EndProject
Project("{9A19103F-16F7-4668-BE54-9A1E7A4F7556}") = "BL", "BL\BL.csproj", "{7E52E955-644E-4EC6-96EF-678F8FDD4D0D}"
EndProject
Project("{9A19103F-16F7-4668-BE54-9A1E7A4F7556}") = "ConsoleUI_BL", "ConsoleUI_BL\ConsoleUI_BL.csproj", "{C45DF3AD-6B49-49EC-9208-4A9F5543ACC5}"
EndProject
Project("{9A19103F-16F7-4668-BE54-9A1E7A4F7556}") = "PL", "PL\PL.csproj", "{0058D11F-65B9-450E-B123-AD4EF2B662AE}"
EndProject
Project("{FAE04EC0-301F-11D3-BF4B-00C04F79EFBC}") = "CodeTesting", "CodeTesting\CodeTesting.csproj", "{BDEA7C7F-5951-40ED-B1D0-A9257B84D1D2}"
EndProject
Global
	GlobalSection(SolutionConfigurationPlatforms) = preSolution
		Debug|Any CPU = Debug|Any CPU
		Release|Any CPU = Release|Any CPU
	EndGlobalSection
	GlobalSection(ProjectConfigurationPlatforms) = postSolution
		{A46FE8F0-D791-4731-8621-86A86EE03D9E}.Debug|Any CPU.ActiveCfg = Debug|Any CPU
		{A46FE8F0-D791-4731-8621-86A86EE03D9E}.Debug|Any CPU.Build.0 = Debug|Any CPU
		{A46FE8F0-D791-4731-8621-86A86EE03D9E}.Release|Any CPU.ActiveCfg = Release|Any CPU
		{A46FE8F0-D791-4731-8621-86A86EE03D9E}.Release|Any CPU.Build.0 = Release|Any CPU
		{EEA41B10-50F0-4D76-BD82-2D0918A36541}.Debug|Any CPU.ActiveCfg = Debug|Any CPU
		{EEA41B10-50F0-4D76-BD82-2D0918A36541}.Debug|Any CPU.Build.0 = Debug|Any CPU
		{EEA41B10-50F0-4D76-BD82-2D0918A36541}.Release|Any CPU.ActiveCfg = Release|Any CPU
		{EEA41B10-50F0-4D76-BD82-2D0918A36541}.Release|Any CPU.Build.0 = Release|Any CPU
		{21DC4DCC-D574-4900-B7B4-42DC732161B8}.Debug|Any CPU.ActiveCfg = Debug|Any CPU
		{21DC4DCC-D574-4900-B7B4-42DC732161B8}.Debug|Any CPU.Build.0 = Debug|Any CPU
		{21DC4DCC-D574-4900-B7B4-42DC732161B8}.Release|Any CPU.ActiveCfg = Release|Any CPU
		{21DC4DCC-D574-4900-B7B4-42DC732161B8}.Release|Any CPU.Build.0 = Release|Any CPU
		{7E52E955-644E-4EC6-96EF-678F8FDD4D0D}.Debug|Any CPU.ActiveCfg = Debug|Any CPU
		{7E52E955-644E-4EC6-96EF-678F8FDD4D0D}.Debug|Any CPU.Build.0 = Debug|Any CPU
		{7E52E955-644E-4EC6-96EF-678F8FDD4D0D}.Release|Any CPU.ActiveCfg = Release|Any CPU
		{7E52E955-644E-4EC6-96EF-678F8FDD4D0D}.Release|Any CPU.Build.0 = Release|Any CPU
		{C45DF3AD-6B49-49EC-9208-4A9F5543ACC5}.Debug|Any CPU.ActiveCfg = Debug|Any CPU
		{C45DF3AD-6B49-49EC-9208-4A9F5543ACC5}.Debug|Any CPU.Build.0 = Debug|Any CPU
		{C45DF3AD-6B49-49EC-9208-4A9F5543ACC5}.Release|Any CPU.ActiveCfg = Release|Any CPU
		{C45DF3AD-6B49-49EC-9208-4A9F5543ACC5}.Release|Any CPU.Build.0 = Release|Any CPU
		{0058D11F-65B9-450E-B123-AD4EF2B662AE}.Debug|Any CPU.ActiveCfg = Debug|Any CPU
		{0058D11F-65B9-450E-B123-AD4EF2B662AE}.Debug|Any CPU.Build.0 = Debug|Any CPU
		{0058D11F-65B9-450E-B123-AD4EF2B662AE}.Release|Any CPU.ActiveCfg = Release|Any CPU
		{0058D11F-65B9-450E-B123-AD4EF2B662AE}.Release|Any CPU.Build.0 = Release|Any CPU
		{BDEA7C7F-5951-40ED-B1D0-A9257B84D1D2}.Debug|Any CPU.ActiveCfg = Debug|Any CPU
		{BDEA7C7F-5951-40ED-B1D0-A9257B84D1D2}.Debug|Any CPU.Build.0 = Debug|Any CPU
		{BDEA7C7F-5951-40ED-B1D0-A9257B84D1D2}.Release|Any CPU.ActiveCfg = Release|Any CPU
		{BDEA7C7F-5951-40ED-B1D0-A9257B84D1D2}.Release|Any CPU.Build.0 = Release|Any CPU
	EndGlobalSection
	GlobalSection(SolutionProperties) = preSolution
		HideSolutionNode = FALSE
	EndGlobalSection
	GlobalSection(ExtensibilityGlobals) = postSolution
		SolutionGuid = {33919925-D6BA-442A-9E05-D8305779BA1B}
	EndGlobalSection
EndGlobal
